
Microsoft Visual Studio Solution File, Format Version 12.00
# Visual Studio Version 16
VisualStudioVersion = 16.0.29326.143
MinimumVisualStudioVersion = 10.0.40219.1
Project("{FAE04EC0-301F-11D3-BF4B-00C04F79EFBC}") = "SalesCRUD", "SalesCRUD\SalesCRUD.csproj", "{CA7F3E4F-0072-408B-8EB8-3F0B4173DAF6}"
EndProject
Global
	GlobalSection(SolutionConfigurationPlatforms) = preSolution
		Debug|Any CPU = Debug|Any CPU
		Release|Any CPU = Release|Any CPU
	EndGlobalSection
	GlobalSection(ProjectConfigurationPlatforms) = postSolution
		{CA7F3E4F-0072-408B-8EB8-3F0B4173DAF6}.Debug|Any CPU.ActiveCfg = Debug|Any CPU
		{CA7F3E4F-0072-408B-8EB8-3F0B4173DAF6}.Debug|Any CPU.Build.0 = Debug|Any CPU
		{CA7F3E4F-0072-408B-8EB8-3F0B4173DAF6}.Release|Any CPU.ActiveCfg = Release|Any CPU
		{CA7F3E4F-0072-408B-8EB8-3F0B4173DAF6}.Release|Any CPU.Build.0 = Release|Any CPU
	EndGlobalSection
	GlobalSection(SolutionProperties) = preSolution
		HideSolutionNode = FALSE
	EndGlobalSection
	GlobalSection(ExtensibilityGlobals) = postSolution
		SolutionGuid = {5AA79C31-08C7-473B-839B-E51EF7279ACF}
	EndGlobalSection
EndGlobal
